
Microsoft Visual Studio Solution File, Format Version 12.00
# Visual Studio Version 17
VisualStudioVersion = 17.6.33829.357
MinimumVisualStudioVersion = 10.0.40219.1
Project("{FAE04EC0-301F-11D3-BF4B-00C04F79EFBC}") = "Ludo.Server", "Ludo.Server\Ludo.Server.csproj", "{E133D25A-0D49-47DC-9599-3E49D9D055D1}"
EndProject
Global
	GlobalSection(SolutionConfigurationPlatforms) = preSolution
		Debug|Any CPU = Debug|Any CPU
		Release|Any CPU = Release|Any CPU
	EndGlobalSection
	GlobalSection(ProjectConfigurationPlatforms) = postSolution
		{E133D25A-0D49-47DC-9599-3E49D9D055D1}.Debug|Any CPU.ActiveCfg = Debug|Any CPU
		{E133D25A-0D49-47DC-9599-3E49D9D055D1}.Debug|Any CPU.Build.0 = Debug|Any CPU
		{E133D25A-0D49-47DC-9599-3E49D9D055D1}.Release|Any CPU.ActiveCfg = Release|Any CPU
		{E133D25A-0D49-47DC-9599-3E49D9D055D1}.Release|Any CPU.Build.0 = Release|Any CPU
	EndGlobalSection
	GlobalSection(SolutionProperties) = preSolution
		HideSolutionNode = FALSE
	EndGlobalSection
	GlobalSection(ExtensibilityGlobals) = postSolution
		SolutionGuid = {5239FA5D-AB24-4CB1-A0F0-40505BD314AC}
	EndGlobalSection
EndGlobal
